dependencies:
- name: operator
  repository: file://charts/operator
  version: 4.4.28
- name: redis-operator
  repository: file://charts/redis-operator
  version: 3.1.4
- name: postgres-operator
  repository: file://charts/postgres-operator
  version: 1.8.2
digest: sha256:abcc5c99192af09043b655ac93a1ace7f7dacf545dc32622208d58fb9b9f2e5c
generated: "2022-11-28T12:04:42.644514+01:00"
