dependencies:
- name: operator
  repository: file://charts/operator
  version: 4.4.28
- name: redis-operator
  repository: file://charts/redis-operator
  version: 3.1.4
- name: postgres-operator
  repository: file://charts/postgres-operator
  version: 1.8.2
digest: sha256:a55a6f9d3dd46724f1dc4399ba79e17e969601920303fdb3ea8b281bbcafd406
generated: "2022-11-25T18:01:00.771495+01:00"
